
Microsoft Visual Studio Solution File, Format Version 12.00
# Visual Studio Version 17
VisualStudioVersion = 17.12.35707.178
MinimumVisualStudioVersion = 10.0.40219.1
Project("{FAE04EC0-301F-11D3-BF4B-00C04F79EFBC}") = "D&D Monster Database_Web", "D&D Monster Database_Web\D&D Monster Database_Web.csproj", "{3BF87FF3-F7C1-4CA3-8326-10700EC5AB56}"
EndProject
Project("{00D1A9C2-B5F0-4AF3-8072-F6C62B433612}") = "D&DMonster_DB", "D&DMonster_DB\D&DMonster_DB.sqlproj", "{2168216B-DBD6-4105-937B-CA4ACEEDF40D}"
EndProject
Project("{FAE04EC0-301F-11D3-BF4B-00C04F79EFBC}") = "MonsterDB_Business", "MonsterDB_Business\MonsterDB_Business.csproj", "{044E046D-0273-45D9-9887-6B62589C1D1B}"
EndProject
Global
	GlobalSection(SolutionConfigurationPlatforms) = preSolution
		Debug|Any CPU = Debug|Any CPU
		Release|Any CPU = Release|Any CPU
	EndGlobalSection
	GlobalSection(ProjectConfigurationPlatforms) = postSolution
		{3BF87FF3-F7C1-4CA3-8326-10700EC5AB56}.Debug|Any CPU.ActiveCfg = Debug|Any CPU
		{3BF87FF3-F7C1-4CA3-8326-10700EC5AB56}.Debug|Any CPU.Build.0 = Debug|Any CPU
		{3BF87FF3-F7C1-4CA3-8326-10700EC5AB56}.Release|Any CPU.ActiveCfg = Release|Any CPU
		{3BF87FF3-F7C1-4CA3-8326-10700EC5AB56}.Release|Any CPU.Build.0 = Release|Any CPU
		{2168216B-DBD6-4105-937B-CA4ACEEDF40D}.Debug|Any CPU.ActiveCfg = Debug|Any CPU
		{2168216B-DBD6-4105-937B-CA4ACEEDF40D}.Debug|Any CPU.Build.0 = Debug|Any CPU
		{2168216B-DBD6-4105-937B-CA4ACEEDF40D}.Debug|Any CPU.Deploy.0 = Debug|Any CPU
		{2168216B-DBD6-4105-937B-CA4ACEEDF40D}.Release|Any CPU.ActiveCfg = Release|Any CPU
		{2168216B-DBD6-4105-937B-CA4ACEEDF40D}.Release|Any CPU.Build.0 = Release|Any CPU
		{2168216B-DBD6-4105-937B-CA4ACEEDF40D}.Release|Any CPU.Deploy.0 = Release|Any CPU
		{044E046D-0273-45D9-9887-6B62589C1D1B}.Debug|Any CPU.ActiveCfg = Debug|Any CPU
		{044E046D-0273-45D9-9887-6B62589C1D1B}.Debug|Any CPU.Build.0 = Debug|Any CPU
		{044E046D-0273-45D9-9887-6B62589C1D1B}.Release|Any CPU.ActiveCfg = Release|Any CPU
		{044E046D-0273-45D9-9887-6B62589C1D1B}.Release|Any CPU.Build.0 = Release|Any CPU
	EndGlobalSection
	GlobalSection(SolutionProperties) = preSolution
		HideSolutionNode = FALSE
	EndGlobalSection
	GlobalSection(ExtensibilityGlobals) = postSolution
		SolutionGuid = {8CD7ED5A-5955-47D3-B88A-71D1C1CA3930}
	EndGlobalSection
EndGlobal
